// !$*UTF8*$!
{
	archiveVersion = 1;
	classes = {
	};
	objectVersion = 63;
	objects = {

/* Begin PBXBuildFile section */
		01243B624629C0DBDE3BA022 /* SoundManager.swift in Sources */ = {isa = PBXBuildFile; fileRef = 9ECCABE3B536A31108B126B0 /* SoundManager.swift */; };
		01BC0E57BD57938FBE5F5B85 /* SendOnlyShare.appex in Embed Foundation Extensions */ = {isa = PBXBuildFile; fileRef = 141F49CA3D878EC02C504A92 /* SendOnlyShare.appex */; settings = {ATTRIBUTES = (RemoveHeadersOnCopy, ); }; };
		03C4D33A86D6B9536A81305A /* QueuedEmailTests.swift in Sources */ = {isa = PBXBuildFile; fileRef = 422E9B5AE270641AC3D42FBA /* QueuedEmailTests.swift */; };
		086317CC900668D2813E1D8D /* Info-iOS.plist in Resources */ = {isa = PBXBuildFile; fileRef = F9B3DFC0D9064F99894E49E8 /* Info-iOS.plist */; };
		0B682A99FDB9D682DBB6342A /* KeychainService.swift in Sources */ = {isa = PBXBuildFile; fileRef = A9B8A14034CAA713C3113234 /* KeychainService.swift */; };
		0E82B270FA98E935FE680E2D /* DraftsDrawerView.swift in Sources */ = {isa = PBXBuildFile; fileRef = 5568AC58D57C22DEA273EDF8 /* DraftsDrawerView.swift */; };
		20D838A23A6958C41180B200 /* credentials.json.template in Resources */ = {isa = PBXBuildFile; fileRef = E690D6714F15CA277EFCEBF5 /* credentials.json.template */; };
		23BDDD55D89B64E8D274FA48 /* SendOnlyApp.swift in Sources */ = {isa = PBXBuildFile; fileRef = B8A3BA53931EB6EF10C9A45F /* SendOnlyApp.swift */; };
		27449522B4DC083B66B957B2 /* FavoritesManager.swift in Sources */ = {isa = PBXBuildFile; fileRef = 793F063C1BBA958AD2EEE858 /* FavoritesManager.swift */; };
		2D2FF0E15B2EF2C12A217B69 /* NetworkMonitor.swift in Sources */ = {isa = PBXBuildFile; fileRef = 249DF08A327FED8DCF2B61E3 /* NetworkMonitor.swift */; };
		350BC48B73DEC67297BFD67A /* PlatformHelpers.swift in Sources */ = {isa = PBXBuildFile; fileRef = D74E923DAC707F3947964396 /* PlatformHelpers.swift */; };
		36830D6D53E4AFC1DF687816 /* SharedComponents.swift in Sources */ = {isa = PBXBuildFile; fileRef = 71476CE63FCB18096FC35C1A /* SharedComponents.swift */; };
		3B16D34D06E8650391DC6E6A /* QueuedEmail.swift in Sources */ = {isa = PBXBuildFile; fileRef = F29A59083710323E72DD2F9B /* QueuedEmail.swift */; };
		40BBF80D792C67AA0127EA6D /* HotkeyManager.swift in Sources */ = {isa = PBXBuildFile; fileRef = D39A9AFFDFC11B183BCC8ACD /* HotkeyManager.swift */; };
		4A55AEFCFED754FF2ED50CBD /* AppModeManager.swift in Sources */ = {isa = PBXBuildFile; fileRef = 152F100241A782E1C471FC15 /* AppModeManager.swift */; };
		4EA1E61B3EDE580F50EBE170 /* Contact.swift in Sources */ = {isa = PBXBuildFile; fileRef = A4F8502552D729CF1C86AD0C /* Contact.swift */; };
		55D06E03F1D4005051482952 /* ContactMatchingTests.swift in Sources */ = {isa = PBXBuildFile; fileRef = DC6D994D338922A015DA4AFB /* ContactMatchingTests.swift */; };
		5663FF8CA5605E53D1A7D5E9 /* Contact.swift in Sources */ = {isa = PBXBuildFile; fileRef = A4F8502552D729CF1C86AD0C /* Contact.swift */; };
		5FC88E74E8DBD05A21A217FC /* iOSComposeView.swift in Sources */ = {isa = PBXBuildFile; fileRef = BCCF20580102C288E92A2373 /* iOSComposeView.swift */; };
		6C1ABBEAAD835C6B03961CB2 /* Email.swift in Sources */ = {isa = PBXBuildFile; fileRef = 6E40F921745467032D802B9B /* Email.swift */; };
		7289369B5D70EF01EF166707 /* SettingsView.swift in Sources */ = {isa = PBXBuildFile; fileRef = BB16F5879BA5A9AA7EAD17A8 /* SettingsView.swift */; };
		7582FA9B687884E15FC2B4DB /* SendOnlyTests.swift in Sources */ = {isa = PBXBuildFile; fileRef = 95FE0C32F77CFFC9C3EB089C /* SendOnlyTests.swift */; };
		7A74E5C0836ACB0D6BD0CAA8 /* iOSSettingsView.swift in Sources */ = {isa = PBXBuildFile; fileRef = 048E1BF3C533513F8E98D5EF /* iOSSettingsView.swift */; };
		7AF4BB1735D1D631A14F4663 /* ShareViewController.swift in Sources */ = {isa = PBXBuildFile; fileRef = 03EA5310B853223EB7A7920C /* ShareViewController.swift */; };
		7B5FE61BA8F9D2F59A202BCD /* EmailManager.swift in Sources */ = {isa = PBXBuildFile; fileRef = 73314BA15E6E67D8979B44DD /* EmailManager.swift */; };
		7C781354637E89C0D209D645 /* FavoritesBarView.swift in Sources */ = {isa = PBXBuildFile; fileRef = 466B5B3B6ACCD7B64912818E /* FavoritesBarView.swift */; };
		7D6FC22E226247A58ABF298B /* NetworkRetryTests.swift in Sources */ = {isa = PBXBuildFile; fileRef = C05591D3FBC0CD67CA71F859 /* NetworkRetryTests.swift */; };
		81111796224D918D2794566D /* iOSMainView.swift in Sources */ = {isa = PBXBuildFile; fileRef = A2370B18B9F18779118FA5EF /* iOSMainView.swift */; };
		8564691C37F5509F2D553EAB /* AuthService.swift in Sources */ = {isa = PBXBuildFile; fileRef = A1FFBE202B046112CAE6CFD9 /* AuthService.swift */; };
		85F1AD738292B4D3B61A1561 /* AuthService.swift in Sources */ = {isa = PBXBuildFile; fileRef = A1FFBE202B046112CAE6CFD9 /* AuthService.swift */; };
		886AA2B5B8FE172FD24E92B9 /* KeychainService.swift in Sources */ = {isa = PBXBuildFile; fileRef = A9B8A14034CAA713C3113234 /* KeychainService.swift */; };
		8CE5F8C95251D62F38EA5583 /* ComposeView.swift in Sources */ = {isa = PBXBuildFile; fileRef = DC224A7A1DE2637988DDC600 /* ComposeView.swift */; };
		95BA1C16A66BE0F79DD14AC8 /* SchedulePickerView.swift in Sources */ = {isa = PBXBuildFile; fileRef = 95A0901B139F13F1AF83B79F /* SchedulePickerView.swift */; };
		9A4D13E25F05DAD7B21C3082 /* UndoSendView.swift in Sources */ = {isa = PBXBuildFile; fileRef = A1F384F7E2A081031C8E25C3 /* UndoSendView.swift */; };
		9DBCD3CFE5AAAE2CD2804812 /* Assets.xcassets in Resources */ = {isa = PBXBuildFile; fileRef = FF207E050CAEA91252DCB70C /* Assets.xcassets */; };
		A2F022FC6EA50D1B28B21862 /* GmailService.swift in Sources */ = {isa = PBXBuildFile; fileRef = 668332333ABD511FCA4DAF62 /* GmailService.swift */; };
		C6A832001E85FF3B6938AC0F /* OfflineQueueManager.swift in Sources */ = {isa = PBXBuildFile; fileRef = 54BEF452A6EE30EEA03A0879 /* OfflineQueueManager.swift */; };
		C7516D1B917480281A92006B /* SendOnlyWidget.appex in Embed Foundation Extensions */ = {isa = PBXBuildFile; fileRef = 78B29C1CAD882C7D71843818 /* SendOnlyWidget.appex */; settings = {ATTRIBUTES = (RemoveHeadersOnCopy, ); }; };
		C7532A768E9C68CDE4423AE2 /* SendOnlyWidget.swift in Sources */ = {isa = PBXBuildFile; fileRef = 929D07FA4B9F0CDF6638DD3E /* SendOnlyWidget.swift */; };
		CC4759FD3D8291F31ACDC4D3 /* MenuBarView.swift in Sources */ = {isa = PBXBuildFile; fileRef = A9B304C62CF7F14781DE4535 /* MenuBarView.swift */; };
		D0B11D3F6AE7C2BAD183AD72 /* NetworkRetry.swift in Sources */ = {isa = PBXBuildFile; fileRef = 5538ED72326CAC05E5E5C918 /* NetworkRetry.swift */; };
		D15DA827FC16EEE16820167C /* ScheduledEmailTests.swift in Sources */ = {isa = PBXBuildFile; fileRef = 2F6136DDDBFC01168256C91C /* ScheduledEmailTests.swift */; };
		D4012442E1D333518B3782DA /* NetworkMonitor.swift in Sources */ = {isa = PBXBuildFile; fileRef = 249DF08A327FED8DCF2B61E3 /* NetworkMonitor.swift */; };
		D6B85C96772303F7901B64AC /* ScheduledEmail.swift in Sources */ = {isa = PBXBuildFile; fileRef = 849F3F3A8657AF5AAE0798E0 /* ScheduledEmail.swift */; };
		D76032E84E29268FD77ADC62 /* NetworkRetry.swift in Sources */ = {isa = PBXBuildFile; fileRef = 5538ED72326CAC05E5E5C918 /* NetworkRetry.swift */; };
		D8B775EE93E3B89341197408 /* PeopleService.swift in Sources */ = {isa = PBXBuildFile; fileRef = CF49FE3D765C95FF17BE7985 /* PeopleService.swift */; };
		DD6A88D186AD4C41E4782374 /* GmailService.swift in Sources */ = {isa = PBXBuildFile; fileRef = 668332333ABD511FCA4DAF62 /* GmailService.swift */; };
		E469843CACB8848213B8966D /* DraftManager.swift in Sources */ = {isa = PBXBuildFile; fileRef = 74DD0846A1F8963C53B9C109 /* DraftManager.swift */; };
		ECCAB44CA2A652B4EE10A59F /* Email.swift in Sources */ = {isa = PBXBuildFile; fileRef = 6E40F921745467032D802B9B /* Email.swift */; };
/* End PBXBuildFile section */

/* Begin PBXContainerItemProxy section */
		169A8B2462B17B63961EAB64 /* PBXContainerItemProxy */ = {
			isa = PBXContainerItemProxy;
			containerPortal = AC75E5F77081601A2C7CBFB1 /* Project object */;
			proxyType = 1;
			remoteGlobalIDString = 8F15AD73318D3BAE2236A977;
			remoteInfo = SendOnlyShare;
		};
		456DB32268DE248AAB47EC6D /* PBXContainerItemProxy */ = {
			isa = PBXContainerItemProxy;
			containerPortal = AC75E5F77081601A2C7CBFB1 /* Project object */;
			proxyType = 1;
			remoteGlobalIDString = 8C44CC25C7694FFB77CD99B7;
			remoteInfo = SendOnly;
		};
		8A87AA78864715ECB84FECC3 /* PBXContainerItemProxy */ = {
			isa = PBXContainerItemProxy;
			containerPortal = AC75E5F77081601A2C7CBFB1 /* Project object */;
			proxyType = 1;
			remoteGlobalIDString = AB94D217E5B4CC406E0965A2;
			remoteInfo = SendOnlyWidget;
		};
/* End PBXContainerItemProxy section */

/* Begin PBXCopyFilesBuildPhase section */
		D43915074B1B74B7ACF674A1 /* Embed Foundation Extensions */ = {
			isa = PBXCopyFilesBuildPhase;
			buildActionMask = 2147483647;
			dstPath = "";
			dstSubfolderSpec = 13;
			files = (
				01BC0E57BD57938FBE5F5B85 /* SendOnlyShare.appex in Embed Foundation Extensions */,
				C7516D1B917480281A92006B /* SendOnlyWidget.appex in Embed Foundation Extensions */,
			);
			name = "Embed Foundation Extensions";
			runOnlyForDeploymentPostprocessing = 0;
		};
/* End PBXCopyFilesBuildPhase section */

/* Begin PBXFileReference section */
		027E34EB134A01450AA3FADA /* Info.plist */ = {isa = PBXFileReference; lastKnownFileType = text.plist; path = Info.plist; sourceTree = "<group>"; };
		03EA5310B853223EB7A7920C /* ShareViewController.swift */ = {isa = PBXFileReference; lastKnownFileType = sourcecode.swift; path = ShareViewController.swift; sourceTree = "<group>"; };
		048E1BF3C533513F8E98D5EF /* iOSSettingsView.swift */ = {isa = PBXFileReference; lastKnownFileType = sourcecode.swift; path = iOSSettingsView.swift; sourceTree = "<group>"; };
		0EC981E8B416CD0A2D42630B /* SendOnly.entitlements */ = {isa = PBXFileReference; lastKnownFileType = text.plist.entitlements; path = SendOnly.entitlements; sourceTree = "<group>"; };
		141F49CA3D878EC02C504A92 /* SendOnlyShare.appex */ = {isa = PBXFileReference; explicitFileType = "wrapper.app-extension"; includeInIndex = 0; path = SendOnlyShare.appex; sourceTree = BUILT_PRODUCTS_DIR; };
		152F100241A782E1C471FC15 /* AppModeManager.swift */ = {isa = PBXFileReference; lastKnownFileType = sourcecode.swift; path = AppModeManager.swift; sourceTree = "<group>"; };
		1626A6F401F76EA012C15665 /* Pigeon Mail.app */ = {isa = PBXFileReference; explicitFileType = wrapper.application; includeInIndex = 0; path = "Pigeon Mail.app"; sourceTree = BUILT_PRODUCTS_DIR; };
		249DF08A327FED8DCF2B61E3 /* NetworkMonitor.swift */ = {isa = PBXFileReference; lastKnownFileType = sourcecode.swift; path = NetworkMonitor.swift; sourceTree = "<group>"; };
		2F6136DDDBFC01168256C91C /* ScheduledEmailTests.swift */ = {isa = PBXFileReference; lastKnownFileType = sourcecode.swift; path = ScheduledEmailTests.swift; sourceTree = "<group>"; };
		32BAB1C4623BC2E043189316 /* SendOnly-iOS.entitlements */ = {isa = PBXFileReference; lastKnownFileType = text.plist.entitlements; path = "SendOnly-iOS.entitlements"; sourceTree = "<group>"; };
		422E9B5AE270641AC3D42FBA /* QueuedEmailTests.swift */ = {isa = PBXFileReference; lastKnownFileType = sourcecode.swift; path = QueuedEmailTests.swift; sourceTree = "<group>"; };
		466B5B3B6ACCD7B64912818E /* FavoritesBarView.swift */ = {isa = PBXFileReference; lastKnownFileType = sourcecode.swift; path = FavoritesBarView.swift; sourceTree = "<group>"; };
		54BEF452A6EE30EEA03A0879 /* OfflineQueueManager.swift */ = {isa = PBXFileReference; lastKnownFileType = sourcecode.swift; path = OfflineQueueManager.swift; sourceTree = "<group>"; };
		5538ED72326CAC05E5E5C918 /* NetworkRetry.swift */ = {isa = PBXFileReference; lastKnownFileType = sourcecode.swift; path = NetworkRetry.swift; sourceTree = "<group>"; };
		5568AC58D57C22DEA273EDF8 /* DraftsDrawerView.swift */ = {isa = PBXFileReference; lastKnownFileType = sourcecode.swift; path = DraftsDrawerView.swift; sourceTree = "<group>"; };
		668332333ABD511FCA4DAF62 /* GmailService.swift */ = {isa = PBXFileReference; lastKnownFileType = sourcecode.swift; path = GmailService.swift; sourceTree = "<group>"; };
		6E40F921745467032D802B9B /* Email.swift */ = {isa = PBXFileReference; lastKnownFileType = sourcecode.swift; path = Email.swift; sourceTree = "<group>"; };
		71476CE63FCB18096FC35C1A /* SharedComponents.swift */ = {isa = PBXFileReference; lastKnownFileType = sourcecode.swift; path = SharedComponents.swift; sourceTree = "<group>"; };
		73314BA15E6E67D8979B44DD /* EmailManager.swift */ = {isa = PBXFileReference; lastKnownFileType = sourcecode.swift; path = EmailManager.swift; sourceTree = "<group>"; };
		74DD0846A1F8963C53B9C109 /* DraftManager.swift */ = {isa = PBXFileReference; lastKnownFileType = sourcecode.swift; path = DraftManager.swift; sourceTree = "<group>"; };
		78B29C1CAD882C7D71843818 /* SendOnlyWidget.appex */ = {isa = PBXFileReference; explicitFileType = "wrapper.app-extension"; includeInIndex = 0; path = SendOnlyWidget.appex; sourceTree = BUILT_PRODUCTS_DIR; };
		793F063C1BBA958AD2EEE858 /* FavoritesManager.swift */ = {isa = PBXFileReference; lastKnownFileType = sourcecode.swift; path = FavoritesManager.swift; sourceTree = "<group>"; };
		849F3F3A8657AF5AAE0798E0 /* ScheduledEmail.swift */ = {isa = PBXFileReference; lastKnownFileType = sourcecode.swift; path = ScheduledEmail.swift; sourceTree = "<group>"; };
		929D07FA4B9F0CDF6638DD3E /* SendOnlyWidget.swift */ = {isa = PBXFileReference; lastKnownFileType = sourcecode.swift; path = SendOnlyWidget.swift; sourceTree = "<group>"; };
		95A0901B139F13F1AF83B79F /* SchedulePickerView.swift */ = {isa = PBXFileReference; lastKnownFileType = sourcecode.swift; path = SchedulePickerView.swift; sourceTree = "<group>"; };
		95FE0C32F77CFFC9C3EB089C /* SendOnlyTests.swift */ = {isa = PBXFileReference; lastKnownFileType = sourcecode.swift; path = SendOnlyTests.swift; sourceTree = "<group>"; };
		9ECCABE3B536A31108B126B0 /* SoundManager.swift */ = {isa = PBXFileReference; lastKnownFileType = sourcecode.swift; path = SoundManager.swift; sourceTree = "<group>"; };
		A1F384F7E2A081031C8E25C3 /* UndoSendView.swift */ = {isa = PBXFileReference; lastKnownFileType = sourcecode.swift; path = UndoSendView.swift; sourceTree = "<group>"; };
		A1FFBE202B046112CAE6CFD9 /* AuthService.swift */ = {isa = PBXFileReference; lastKnownFileType = sourcecode.swift; path = AuthService.swift; sourceTree = "<group>"; };
		A229F536D32194D1FDB75C55 /* SendOnlyTests.xctest */ = {isa = PBXFileReference; explicitFileType = wrapper.cfbundle; includeInIndex = 0; name = SendOnlyTests.xctest; path = .xctest; sourceTree = BUILT_PRODUCTS_DIR; };
		A2370B18B9F18779118FA5EF /* iOSMainView.swift */ = {isa = PBXFileReference; lastKnownFileType = sourcecode.swift; path = iOSMainView.swift; sourceTree = "<group>"; };
		A4F8502552D729CF1C86AD0C /* Contact.swift */ = {isa = PBXFileReference; lastKnownFileType = sourcecode.swift; path = Contact.swift; sourceTree = "<group>"; };
		A9B304C62CF7F14781DE4535 /* MenuBarView.swift */ = {isa = PBXFileReference; lastKnownFileType = sourcecode.swift; path = MenuBarView.swift; sourceTree = "<group>"; };
		A9B8A14034CAA713C3113234 /* KeychainService.swift */ = {isa = PBXFileReference; lastKnownFileType = sourcecode.swift; path = KeychainService.swift; sourceTree = "<group>"; };
		B8A3BA53931EB6EF10C9A45F /* SendOnlyApp.swift */ = {isa = PBXFileReference; lastKnownFileType = sourcecode.swift; path = SendOnlyApp.swift; sourceTree = "<group>"; };
		BB16F5879BA5A9AA7EAD17A8 /* SettingsView.swift */ = {isa = PBXFileReference; lastKnownFileType = sourcecode.swift; path = SettingsView.swift; sourceTree = "<group>"; };
		BCCF20580102C288E92A2373 /* iOSComposeView.swift */ = {isa = PBXFileReference; lastKnownFileType = sourcecode.swift; path = iOSComposeView.swift; sourceTree = "<group>"; };
		BCD3396918111512DC6E325D /* Info.plist */ = {isa = PBXFileReference; lastKnownFileType = text.plist; path = Info.plist; sourceTree = "<group>"; };
		C05591D3FBC0CD67CA71F859 /* NetworkRetryTests.swift */ = {isa = PBXFileReference; lastKnownFileType = sourcecode.swift; path = NetworkRetryTests.swift; sourceTree = "<group>"; };
		C4E68568AA0E787ED703547A /* Info.plist */ = {isa = PBXFileReference; lastKnownFileType = text.plist; path = Info.plist; sourceTree = "<group>"; };
		CF49FE3D765C95FF17BE7985 /* PeopleService.swift */ = {isa = PBXFileReference; lastKnownFileType = sourcecode.swift; path = PeopleService.swift; sourceTree = "<group>"; };
		D39A9AFFDFC11B183BCC8ACD /* HotkeyManager.swift */ = {isa = PBXFileReference; lastKnownFileType = sourcecode.swift; path = HotkeyManager.swift; sourceTree = "<group>"; };
		D74E923DAC707F3947964396 /* PlatformHelpers.swift */ = {isa = PBXFileReference; lastKnownFileType = sourcecode.swift; path = PlatformHelpers.swift; sourceTree = "<group>"; };
		DC224A7A1DE2637988DDC600 /* ComposeView.swift */ = {isa = PBXFileReference; lastKnownFileType = sourcecode.swift; path = ComposeView.swift; sourceTree = "<group>"; };
		DC6D994D338922A015DA4AFB /* ContactMatchingTests.swift */ = {isa = PBXFileReference; lastKnownFileType = sourcecode.swift; path = ContactMatchingTests.swift; sourceTree = "<group>"; };
		E690D6714F15CA277EFCEBF5 /* credentials.json.template */ = {isa = PBXFileReference; lastKnownFileType = text; path = credentials.json.template; sourceTree = "<group>"; };
		F29A59083710323E72DD2F9B /* QueuedEmail.swift */ = {isa = PBXFileReference; lastKnownFileType = sourcecode.swift; path = QueuedEmail.swift; sourceTree = "<group>"; };
		F9B3DFC0D9064F99894E49E8 /* Info-iOS.plist */ = {isa = PBXFileReference; lastKnownFileType = text.plist; path = "Info-iOS.plist"; sourceTree = "<group>"; };
		FF207E050CAEA91252DCB70C /* Assets.xcassets */ = {isa = PBXFileReference; lastKnownFileType = folder.assetcatalog; path = Assets.xcassets; sourceTree = "<group>"; };
/* End PBXFileReference section */

/* Begin PBXGroup section */
		0C593D4E004EE167318EF98E /* Managers */ = {
			isa = PBXGroup;
			children = (
				152F100241A782E1C471FC15 /* AppModeManager.swift */,
				74DD0846A1F8963C53B9C109 /* DraftManager.swift */,
				73314BA15E6E67D8979B44DD /* EmailManager.swift */,
				793F063C1BBA958AD2EEE858 /* FavoritesManager.swift */,
				D39A9AFFDFC11B183BCC8ACD /* HotkeyManager.swift */,
				54BEF452A6EE30EEA03A0879 /* OfflineQueueManager.swift */,
				9ECCABE3B536A31108B126B0 /* SoundManager.swift */,
			);
			path = Managers;
			sourceTree = "<group>";
		};
		10E742445CBB4C91794C104C = {
			isa = PBXGroup;
			children = (
				DFB6928FD04E5B2948860570 /* SendOnly */,
				29653AEC9DDDFB0B047D234F /* SendOnlyShare */,
				86F278987A52F56D00FDA32C /* SendOnlyTests */,
				3AC101022515F7C0D0089D34 /* SendOnlyWidget */,
				468AC5813D847B11603D48F6 /* Products */,
			);
			sourceTree = "<group>";
		};
		115A911EDB77016C54DC5AF9 /* Services */ = {
			isa = PBXGroup;
			children = (
				A1FFBE202B046112CAE6CFD9 /* AuthService.swift */,
				668332333ABD511FCA4DAF62 /* GmailService.swift */,
				A9B8A14034CAA713C3113234 /* KeychainService.swift */,
				249DF08A327FED8DCF2B61E3 /* NetworkMonitor.swift */,
				5538ED72326CAC05E5E5C918 /* NetworkRetry.swift */,
				CF49FE3D765C95FF17BE7985 /* PeopleService.swift */,
			);
			path = Services;
			sourceTree = "<group>";
		};
		29653AEC9DDDFB0B047D234F /* SendOnlyShare */ = {
			isa = PBXGroup;
			children = (
				027E34EB134A01450AA3FADA /* Info.plist */,
				03EA5310B853223EB7A7920C /* ShareViewController.swift */,
			);
			path = SendOnlyShare;
			sourceTree = "<group>";
		};
		3AC101022515F7C0D0089D34 /* SendOnlyWidget */ = {
			isa = PBXGroup;
			children = (
				C4E68568AA0E787ED703547A /* Info.plist */,
				929D07FA4B9F0CDF6638DD3E /* SendOnlyWidget.swift */,
			);
			path = SendOnlyWidget;
			sourceTree = "<group>";
		};
		468AC5813D847B11603D48F6 /* Products */ = {
			isa = PBXGroup;
			children = (
				1626A6F401F76EA012C15665 /* Pigeon Mail.app */,
				141F49CA3D878EC02C504A92 /* SendOnlyShare.appex */,
				A229F536D32194D1FDB75C55 /* SendOnlyTests.xctest */,
				78B29C1CAD882C7D71843818 /* SendOnlyWidget.appex */,
			);
			name = Products;
			sourceTree = "<group>";
		};
		7B48B96A2D8403FCFCB4547C /* Views */ = {
			isa = PBXGroup;
			children = (
				DC224A7A1DE2637988DDC600 /* ComposeView.swift */,
				5568AC58D57C22DEA273EDF8 /* DraftsDrawerView.swift */,
				466B5B3B6ACCD7B64912818E /* FavoritesBarView.swift */,
				BCCF20580102C288E92A2373 /* iOSComposeView.swift */,
				A2370B18B9F18779118FA5EF /* iOSMainView.swift */,
				048E1BF3C533513F8E98D5EF /* iOSSettingsView.swift */,
				A9B304C62CF7F14781DE4535 /* MenuBarView.swift */,
				D74E923DAC707F3947964396 /* PlatformHelpers.swift */,
				95A0901B139F13F1AF83B79F /* SchedulePickerView.swift */,
				BB16F5879BA5A9AA7EAD17A8 /* SettingsView.swift */,
				71476CE63FCB18096FC35C1A /* SharedComponents.swift */,
				A1F384F7E2A081031C8E25C3 /* UndoSendView.swift */,
			);
			path = Views;
			sourceTree = "<group>";
		};
		86F278987A52F56D00FDA32C /* SendOnlyTests */ = {
			isa = PBXGroup;
			children = (
				DC6D994D338922A015DA4AFB /* ContactMatchingTests.swift */,
				C05591D3FBC0CD67CA71F859 /* NetworkRetryTests.swift */,
				422E9B5AE270641AC3D42FBA /* QueuedEmailTests.swift */,
				2F6136DDDBFC01168256C91C /* ScheduledEmailTests.swift */,
				95FE0C32F77CFFC9C3EB089C /* SendOnlyTests.swift */,
			);
			path = SendOnlyTests;
			sourceTree = "<group>";
		};
		A9FA1860DFC75E4BCCA61E8C /* Resources */ = {
			isa = PBXGroup;
			children = (
				FF207E050CAEA91252DCB70C /* Assets.xcassets */,
				E690D6714F15CA277EFCEBF5 /* credentials.json.template */,
			);
			path = Resources;
			sourceTree = "<group>";
		};
		DA125BC98FABDD1AADF3F6E5 /* Models */ = {
			isa = PBXGroup;
			children = (
				A4F8502552D729CF1C86AD0C /* Contact.swift */,
				6E40F921745467032D802B9B /* Email.swift */,
				F29A59083710323E72DD2F9B /* QueuedEmail.swift */,
				849F3F3A8657AF5AAE0798E0 /* ScheduledEmail.swift */,
			);
			path = Models;
			sourceTree = "<group>";
		};
		DFB6928FD04E5B2948860570 /* SendOnly */ = {
			isa = PBXGroup;
			children = (
				F9B3DFC0D9064F99894E49E8 /* Info-iOS.plist */,
				BCD3396918111512DC6E325D /* Info.plist */,
				32BAB1C4623BC2E043189316 /* SendOnly-iOS.entitlements */,
				0EC981E8B416CD0A2D42630B /* SendOnly.entitlements */,
				B8A3BA53931EB6EF10C9A45F /* SendOnlyApp.swift */,
				0C593D4E004EE167318EF98E /* Managers */,
				DA125BC98FABDD1AADF3F6E5 /* Models */,
				A9FA1860DFC75E4BCCA61E8C /* Resources */,
				115A911EDB77016C54DC5AF9 /* Services */,
				7B48B96A2D8403FCFCB4547C /* Views */,
			);
			path = SendOnly;
			sourceTree = "<group>";
		};
/* End PBXGroup section */

/* Begin PBXNativeTarget section */
		8C44CC25C7694FFB77CD99B7 /* SendOnly */ = {
			isa = PBXNativeTarget;
			buildConfigurationList = B1672CF445DD8B56B8E1D7E9 /* Build configuration list for PBXNativeTarget "SendOnly" */;
			buildPhases = (
				58074D5848415A9465644CE2 /* Sources */,
				3794F81F2AE901EA5A1F2B64 /* Resources */,
				D43915074B1B74B7ACF674A1 /* Embed Foundation Extensions */,
			);
			buildRules = (
			);
			dependencies = (
				A9D72371687F70281019FE24 /* PBXTargetDependency */,
				F28A6B91D94F6850FA8CEED3 /* PBXTargetDependency */,
			);
			name = SendOnly;
			packageProductDependencies = (
			);
			productName = SendOnly;
			productReference = 1626A6F401F76EA012C15665 /* Pigeon Mail.app */;
			productType = "com.apple.product-type.application";
		};
		8F15AD73318D3BAE2236A977 /* SendOnlyShare */ = {
			isa = PBXNativeTarget;
			buildConfigurationList = 5BED5019CDE536E225D93545 /* Build configuration list for PBXNativeTarget "SendOnlyShare" */;
			buildPhases = (
				15D2A7D9433BDCFC45C997DB /* Sources */,
			);
			buildRules = (
			);
			dependencies = (
			);
			name = SendOnlyShare;
			packageProductDependencies = (
			);
			productName = SendOnlyShare;
			productReference = 141F49CA3D878EC02C504A92 /* SendOnlyShare.appex */;
			productType = "com.apple.product-type.app-extension";
		};
		AB94D217E5B4CC406E0965A2 /* SendOnlyWidget */ = {
			isa = PBXNativeTarget;
			buildConfigurationList = 48AE4F5B1A082B3DAC9C43AF /* Build configuration list for PBXNativeTarget "SendOnlyWidget" */;
			buildPhases = (
				CD66D81A88D5186DF4150A3E /* Sources */,
			);
			buildRules = (
			);
			dependencies = (
			);
			name = SendOnlyWidget;
			packageProductDependencies = (
			);
			productName = SendOnlyWidget;
			productReference = 78B29C1CAD882C7D71843818 /* SendOnlyWidget.appex */;
			productType = "com.apple.product-type.app-extension";
		};
		D03FAB678523755FAB8F467B /* SendOnlyTests */ = {
			isa = PBXNativeTarget;
			buildConfigurationList = 47E5769ADA1525DFAC57CBEB /* Build configuration list for PBXNativeTarget "SendOnlyTests" */;
			buildPhases = (
				9A437942819A80DB2B4240A5 /* Sources */,
			);
			buildRules = (
			);
			dependencies = (
				2B7215DEB9E26DF8406B7686 /* PBXTargetDependency */,
			);
			name = SendOnlyTests;
			packageProductDependencies = (
			);
			productName = SendOnlyTests;
			productReference = A229F536D32194D1FDB75C55 /* SendOnlyTests.xctest */;
			productType = "com.apple.product-type.bundle.unit-test";
		};
/* End PBXNativeTarget section */

/* Begin PBXProject section */
		AC75E5F77081601A2C7CBFB1 /* Project object */ = {
			isa = PBXProject;
			attributes = {
				BuildIndependentTargetsInParallel = YES;
				LastUpgradeCheck = 1500;
				TargetAttributes = {
					8C44CC25C7694FFB77CD99B7 = {
						ProvisioningStyle = Automatic;
					};
					8F15AD73318D3BAE2236A977 = {
						ProvisioningStyle = Automatic;
					};
					AB94D217E5B4CC406E0965A2 = {
						ProvisioningStyle = Automatic;
					};
					D03FAB678523755FAB8F467B = {
						DevelopmentTeam = "";
						ProvisioningStyle = Automatic;
					};
				};
			};
			buildConfigurationList = 18684894D131777D9D720DDD /* Build configuration list for PBXProject "SendOnly" */;
			compatibilityVersion = "Xcode 14.0";
			developmentRegion = en;
			hasScannedForEncodings = 0;
			knownRegions = (
				Base,
				en,
			);
			mainGroup = 10E742445CBB4C91794C104C;
			minimizedProjectReferenceProxies = 1;
			projectDirPath = "";
			projectRoot = "";
			targets = (
				8C44CC25C7694FFB77CD99B7 /* SendOnly */,
				8F15AD73318D3BAE2236A977 /* SendOnlyShare */,
				D03FAB678523755FAB8F467B /* SendOnlyTests */,
				AB94D217E5B4CC406E0965A2 /* SendOnlyWidget */,
			);
		};
/* End PBXProject section */

/* Begin PBXResourcesBuildPhase section */
		3794F81F2AE901EA5A1F2B64 /* Resources */ = {
			isa = PBXResourcesBuildPhase;
			buildActionMask = 2147483647;
			files = (
				9DBCD3CFE5AAAE2CD2804812 /* Assets.xcassets in Resources */,
				086317CC900668D2813E1D8D /* Info-iOS.plist in Resources */,
				20D838A23A6958C41180B200 /* credentials.json.template in Resources */,
			);
			runOnlyForDeploymentPostprocessing = 0;
		};
/* End PBXResourcesBuildPhase section */

/* Begin PBXSourcesBuildPhase section */
		15D2A7D9433BDCFC45C997DB /* Sources */ = {
			isa = PBXSourcesBuildPhase;
			buildActionMask = 2147483647;
			files = (
				8564691C37F5509F2D553EAB /* AuthService.swift in Sources */,
				5663FF8CA5605E53D1A7D5E9 /* Contact.swift in Sources */,
				ECCAB44CA2A652B4EE10A59F /* Email.swift in Sources */,
				A2F022FC6EA50D1B28B21862 /* GmailService.swift in Sources */,
				0B682A99FDB9D682DBB6342A /* KeychainService.swift in Sources */,
				2D2FF0E15B2EF2C12A217B69 /* NetworkMonitor.swift in Sources */,
				D76032E84E29268FD77ADC62 /* NetworkRetry.swift in Sources */,
				7AF4BB1735D1D631A14F4663 /* ShareViewController.swift in Sources */,
			);
			runOnlyForDeploymentPostprocessing = 0;
		};
		58074D5848415A9465644CE2 /* Sources */ = {
			isa = PBXSourcesBuildPhase;
			buildActionMask = 2147483647;
			files = (
				4A55AEFCFED754FF2ED50CBD /* AppModeManager.swift in Sources */,
				85F1AD738292B4D3B61A1561 /* AuthService.swift in Sources */,
				8CE5F8C95251D62F38EA5583 /* ComposeView.swift in Sources */,
				4EA1E61B3EDE580F50EBE170 /* Contact.swift in Sources */,
				E469843CACB8848213B8966D /* DraftManager.swift in Sources */,
				0E82B270FA98E935FE680E2D /* DraftsDrawerView.swift in Sources */,
				6C1ABBEAAD835C6B03961CB2 /* Email.swift in Sources */,
				7B5FE61BA8F9D2F59A202BCD /* EmailManager.swift in Sources */,
				7C781354637E89C0D209D645 /* FavoritesBarView.swift in Sources */,
				27449522B4DC083B66B957B2 /* FavoritesManager.swift in Sources */,
				DD6A88D186AD4C41E4782374 /* GmailService.swift in Sources */,
				40BBF80D792C67AA0127EA6D /* HotkeyManager.swift in Sources */,
				886AA2B5B8FE172FD24E92B9 /* KeychainService.swift in Sources */,
				CC4759FD3D8291F31ACDC4D3 /* MenuBarView.swift in Sources */,
				D4012442E1D333518B3782DA /* NetworkMonitor.swift in Sources */,
				D0B11D3F6AE7C2BAD183AD72 /* NetworkRetry.swift in Sources */,
				C6A832001E85FF3B6938AC0F /* OfflineQueueManager.swift in Sources */,
				D8B775EE93E3B89341197408 /* PeopleService.swift in Sources */,
				350BC48B73DEC67297BFD67A /* PlatformHelpers.swift in Sources */,
				3B16D34D06E8650391DC6E6A /* QueuedEmail.swift in Sources */,
				95BA1C16A66BE0F79DD14AC8 /* SchedulePickerView.swift in Sources */,
				D6B85C96772303F7901B64AC /* ScheduledEmail.swift in Sources */,
				23BDDD55D89B64E8D274FA48 /* SendOnlyApp.swift in Sources */,
				7289369B5D70EF01EF166707 /* SettingsView.swift in Sources */,
				36830D6D53E4AFC1DF687816 /* SharedComponents.swift in Sources */,
				01243B624629C0DBDE3BA022 /* SoundManager.swift in Sources */,
				9A4D13E25F05DAD7B21C3082 /* UndoSendView.swift in Sources */,
				5FC88E74E8DBD05A21A217FC /* iOSComposeView.swift in Sources */,
				81111796224D918D2794566D /* iOSMainView.swift in Sources */,
				7A74E5C0836ACB0D6BD0CAA8 /* iOSSettingsView.swift in Sources */,
			);
			runOnlyForDeploymentPostprocessing = 0;
		};
		9A437942819A80DB2B4240A5 /* Sources */ = {
			isa = PBXSourcesBuildPhase;
			buildActionMask = 2147483647;
			files = (
				55D06E03F1D4005051482952 /* ContactMatchingTests.swift in Sources */,
				7D6FC22E226247A58ABF298B /* NetworkRetryTests.swift in Sources */,
				03C4D33A86D6B9536A81305A /* QueuedEmailTests.swift in Sources */,
				D15DA827FC16EEE16820167C /* ScheduledEmailTests.swift in Sources */,
				7582FA9B687884E15FC2B4DB /* SendOnlyTests.swift in Sources */,
			);
			runOnlyForDeploymentPostprocessing = 0;
		};
		CD66D81A88D5186DF4150A3E /* Sources */ = {
			isa = PBXSourcesBuildPhase;
			buildActionMask = 2147483647;
			files = (
				C7532A768E9C68CDE4423AE2 /* SendOnlyWidget.swift in Sources */,
			);
			runOnlyForDeploymentPostprocessing = 0;
		};
/* End PBXSourcesBuildPhase section */

/* Begin PBXTargetDependency section */
		2B7215DEB9E26DF8406B7686 /* PBXTargetDependency */ = {
			isa = PBXTargetDependency;
			target = 8C44CC25C7694FFB77CD99B7 /* SendOnly */;
			targetProxy = 456DB32268DE248AAB47EC6D /* PBXContainerItemProxy */;
		};
		A9D72371687F70281019FE24 /* PBXTargetDependency */ = {
			isa = PBXTargetDependency;
			target = 8F15AD73318D3BAE2236A977 /* SendOnlyShare */;
			targetProxy = 169A8B2462B17B63961EAB64 /* PBXContainerItemProxy */;
		};
		F28A6B91D94F6850FA8CEED3 /* PBXTargetDependency */ = {
			isa = PBXTargetDependency;
			target = AB94D217E5B4CC406E0965A2 /* SendOnlyWidget */;
			targetProxy = 8A87AA78864715ECB84FECC3 /* PBXContainerItemProxy */;
		};
/* End PBXTargetDependency section */

/* Begin XCBuildConfiguration section */
		1020F1B8DDEE4C3808C4590F /* Release */ = {
			isa = XCBuildConfiguration;
			buildSettings = {
				BUNDLE_LOADER = "$(TEST_HOST)";
				PRODUCT_BUNDLE_IDENTIFIER = com.sendonly.app.tests;
				TEST_HOST = "$(BUILT_PRODUCTS_DIR)/Pigeon Mail.app/$(BUNDLE_EXECUTABLE_FOLDER_PATH)/Pigeon Mail";
			};
			name = Release;
		};
		1F7735B159D888AAA6C7071B /* Debug */ = {
			isa = XCBuildConfiguration;
			buildSettings = {
				BUNDLE_LOADER = "$(TEST_HOST)";
				PRODUCT_BUNDLE_IDENTIFIER = com.sendonly.app.tests;
				TEST_HOST = "$(BUILT_PRODUCTS_DIR)/Pigeon Mail.app/$(BUNDLE_EXECUTABLE_FOLDER_PATH)/Pigeon Mail";
			};
			name = Debug;
		};
		3008C739894C1F5D97A2DCB9 /* Release */ = {
			isa = XCBuildConfiguration;
			buildSettings = {
				DEVELOPMENT_TEAM = SWMQ6H69G3;
				INFOPLIST_FILE = SendOnlyWidget/Info.plist;
				LD_RUNPATH_SEARCH_PATHS = (
					"$(inherited)",
					"@executable_path/Frameworks",
					"@executable_path/../../Frameworks",
				);
				PRODUCT_BUNDLE_IDENTIFIER = com.sendonly.app.widget;
				PRODUCT_NAME = SendOnlyWidget;
				SKIP_INSTALL = YES;
				SUPPORTED_PLATFORMS = "iphoneos iphonesimulator";
				SWIFT_ACTIVE_COMPILATION_CONDITIONS = EXTENSION;
				TARGETED_DEVICE_FAMILY = "1,2";
			};
			name = Release;
		};
		3644830D7955340BECBCD2C7 /* Debug */ = {
			isa = XCBuildConfiguration;
			buildSettings = {
				CODE_SIGN_STYLE = Automatic;
				CURRENT_PROJECT_VERSION = 1;
				DEVELOPMENT_TEAM = "";
				IPHONEOS_DEPLOYMENT_TARGET = 17.0;
				MACOSX_DEPLOYMENT_TARGET = 14.0;
				MARKETING_VERSION = 3.1;
				SWIFT_VERSION = 5.9;
			};
			name = Debug;
		};
		45F76D95BB126CDAE901C271 /* Release */ = {
			isa = XCBuildConfiguration;
			buildSettings = {
				ASSETCATALOG_COMPILER_APPICON_NAME = AppIcon;
				ASSETCATALOG_COMPILER_GLOBAL_ACCENT_COLOR_NAME = AccentColor;
				"CODE_SIGN_ENTITLEMENTS[sdk=iphoneos*]" = "SendOnly/SendOnly-iOS.entitlements";
				"CODE_SIGN_ENTITLEMENTS[sdk=iphonesimulator*]" = "SendOnly/SendOnly-iOS.entitlements";
				"CODE_SIGN_ENTITLEMENTS[sdk=macosx*]" = SendOnly/SendOnly.entitlements;
				DEVELOPMENT_TEAM = SWMQ6H69G3;
				ENABLE_PREVIEWS = YES;
				GENERATE_INFOPLIST_FILE = NO;
				INFOPLIST_FILE = SendOnly/Info.plist;
				"INFOPLIST_FILE[sdk=iphoneos*]" = "SendOnly/Info-iOS.plist";
				"INFOPLIST_FILE[sdk=iphonesimulator*]" = "SendOnly/Info-iOS.plist";
				"INFOPLIST_FILE[sdk=macosx*]" = SendOnly/Info.plist;
				"LD_RUNPATH_SEARCH_PATHS[sdk=iphoneos*]" = (
					"$(inherited)",
					"@executable_path/Frameworks",
				);
				"LD_RUNPATH_SEARCH_PATHS[sdk=iphonesimulator*]" = (
					"$(inherited)",
					"@executable_path/Frameworks",
				);
				"LD_RUNPATH_SEARCH_PATHS[sdk=macosx*]" = (
					"$(inherited)",
					"@executable_path/../Frameworks",
				);
				PRODUCT_BUNDLE_IDENTIFIER = com.sendonly.app;
				PRODUCT_NAME = "Pigeon Mail";
				SDKROOT = auto;
				SUPPORTED_PLATFORMS = "iphoneos iphonesimulator macosx";
				SUPPORTS_MACCATALYST = NO;
				TARGETED_DEVICE_FAMILY = "1,2";
			};
			name = Release;
		};
		A3020DC63FA0033AC1AAEC7F /* Release */ = {
			isa = XCBuildConfiguration;
			buildSettings = {
				CODE_SIGN_STYLE = Automatic;
				CURRENT_PROJECT_VERSION = 1;
				DEVELOPMENT_TEAM = "";
				IPHONEOS_DEPLOYMENT_TARGET = 17.0;
				MACOSX_DEPLOYMENT_TARGET = 14.0;
				MARKETING_VERSION = 3.1;
				SWIFT_VERSION = 5.9;
			};
			name = Release;
		};
		A44507EB9A436CD8933232BD /* Debug */ = {
			isa = XCBuildConfiguration;
			buildSettings = {
				DEVELOPMENT_TEAM = SWMQ6H69G3;
				INFOPLIST_FILE = SendOnlyShare/Info.plist;
				LD_RUNPATH_SEARCH_PATHS = (
					"$(inherited)",
					"@executable_path/Frameworks",
					"@executable_path/../../Frameworks",
				);
				PRODUCT_BUNDLE_IDENTIFIER = "com.sendonly.app.share-extension";
				PRODUCT_NAME = SendOnlyShare;
				SKIP_INSTALL = YES;
				SUPPORTED_PLATFORMS = "iphoneos iphonesimulator";
				SWIFT_ACTIVE_COMPILATION_CONDITIONS = EXTENSION;
				TARGETED_DEVICE_FAMILY = "1,2";
			};
			name = Debug;
		};
		A670C92BA90674C10F90C2C5 /* Debug */ = {
			isa = XCBuildConfiguration;
			buildSettings = {
				DEVELOPMENT_TEAM = SWMQ6H69G3;
				INFOPLIST_FILE = SendOnlyWidget/Info.plist;
				LD_RUNPATH_SEARCH_PATHS = (
					"$(inherited)",
					"@executable_path/Frameworks",
					"@executable_path/../../Frameworks",
				);
				PRODUCT_BUNDLE_IDENTIFIER = com.sendonly.app.widget;
				PRODUCT_NAME = SendOnlyWidget;
				SKIP_INSTALL = YES;
				SUPPORTED_PLATFORMS = "iphoneos iphonesimulator";
				SWIFT_ACTIVE_COMPILATION_CONDITIONS = EXTENSION;
				TARGETED_DEVICE_FAMILY = "1,2";
			};
			name = Debug;
		};
		C087D69383E045F947AA4073 /* Release */ = {
			isa = XCBuildConfiguration;
			buildSettings = {
				DEVELOPMENT_TEAM = SWMQ6H69G3;
				INFOPLIST_FILE = SendOnlyShare/Info.plist;
				LD_RUNPATH_SEARCH_PATHS = (
					"$(inherited)",
					"@executable_path/Frameworks",
					"@executable_path/../../Frameworks",
				);
				PRODUCT_BUNDLE_IDENTIFIER = "com.sendonly.app.share-extension";
				PRODUCT_NAME = SendOnlyShare;
				SKIP_INSTALL = YES;
				SUPPORTED_PLATFORMS = "iphoneos iphonesimulator";
				SWIFT_ACTIVE_COMPILATION_CONDITIONS = EXTENSION;
				TARGETED_DEVICE_FAMILY = "1,2";
			};
			name = Release;
		};
		F75D79401909E5BDFAF399B1 /* Debug */ = {
			isa = XCBuildConfiguration;
			buildSettings = {
				ASSETCATALOG_COMPILER_APPICON_NAME = AppIcon;
				ASSETCATALOG_COMPILER_GLOBAL_ACCENT_COLOR_NAME = AccentColor;
				"CODE_SIGN_ENTITLEMENTS[sdk=iphoneos*]" = "SendOnly/SendOnly-iOS.entitlements";
				"CODE_SIGN_ENTITLEMENTS[sdk=iphonesimulator*]" = "SendOnly/SendOnly-iOS.entitlements";
				"CODE_SIGN_ENTITLEMENTS[sdk=macosx*]" = SendOnly/SendOnly.entitlements;
				DEVELOPMENT_TEAM = SWMQ6H69G3;
				ENABLE_PREVIEWS = YES;
				GENERATE_INFOPLIST_FILE = NO;
				INFOPLIST_FILE = SendOnly/Info.plist;
				"INFOPLIST_FILE[sdk=iphoneos*]" = "SendOnly/Info-iOS.plist";
				"INFOPLIST_FILE[sdk=iphonesimulator*]" = "SendOnly/Info-iOS.plist";
				"INFOPLIST_FILE[sdk=macosx*]" = SendOnly/Info.plist;
				"LD_RUNPATH_SEARCH_PATHS[sdk=iphoneos*]" = (
					"$(inherited)",
					"@executable_path/Frameworks",
				);
				"LD_RUNPATH_SEARCH_PATHS[sdk=iphonesimulator*]" = (
					"$(inherited)",
					"@executable_path/Frameworks",
				);
				"LD_RUNPATH_SEARCH_PATHS[sdk=macosx*]" = (
					"$(inherited)",
					"@executable_path/../Frameworks",
				);
				PRODUCT_BUNDLE_IDENTIFIER = com.sendonly.app;
				PRODUCT_NAME = "Pigeon Mail";
				SDKROOT = auto;
				SUPPORTED_PLATFORMS = "iphoneos iphonesimulator macosx";
				SUPPORTS_MACCATALYST = NO;
				TARGETED_DEVICE_FAMILY = "1,2";
			};
			name = Debug;
		};
/* End XCBuildConfiguration section */

/* Begin XCConfigurationList section */
		18684894D131777D9D720DDD /* Build configuration list for PBXProject "SendOnly" */ = {
			isa = XCConfigurationList;
			buildConfigurations = (
				3644830D7955340BECBCD2C7 /* Debug */,
				A3020DC63FA0033AC1AAEC7F /* Release */,
			);
			defaultConfigurationIsVisible = 0;
			defaultConfigurationName = Debug;
		};
		47E5769ADA1525DFAC57CBEB /* Build configuration list for PBXNativeTarget "SendOnlyTests" */ = {
			isa = XCConfigurationList;
			buildConfigurations = (
				1F7735B159D888AAA6C7071B /* Debug */,
				1020F1B8DDEE4C3808C4590F /* Release */,
			);
			defaultConfigurationIsVisible = 0;
			defaultConfigurationName = Debug;
		};
		48AE4F5B1A082B3DAC9C43AF /* Build configuration list for PBXNativeTarget "SendOnlyWidget" */ = {
			isa = XCConfigurationList;
			buildConfigurations = (
				A670C92BA90674C10F90C2C5 /* Debug */,
				3008C739894C1F5D97A2DCB9 /* Release */,
			);
			defaultConfigurationIsVisible = 0;
			defaultConfigurationName = Debug;
		};
		5BED5019CDE536E225D93545 /* Build configuration list for PBXNativeTarget "SendOnlyShare" */ = {
			isa = XCConfigurationList;
			buildConfigurations = (
				A44507EB9A436CD8933232BD /* Debug */,
				C087D69383E045F947AA4073 /* Release */,
			);
			defaultConfigurationIsVisible = 0;
			defaultConfigurationName = Debug;
		};
		B1672CF445DD8B56B8E1D7E9 /* Build configuration list for PBXNativeTarget "SendOnly" */ = {
			isa = XCConfigurationList;
			buildConfigurations = (
				F75D79401909E5BDFAF399B1 /* Debug */,
				45F76D95BB126CDAE901C271 /* Release */,
			);
			defaultConfigurationIsVisible = 0;
			defaultConfigurationName = Debug;
		};
/* End XCConfigurationList section */
	};
	rootObject = AC75E5F77081601A2C7CBFB1 /* Project object */;
}
